// !$*UTF8*$!
{
	archiveVersion = 1;
	classes = {
	};
	objectVersion = 46;
	objects = {

/* Begin PBXBuildFile section */
		D974900E1C0D2CF4005DECCB /* main.m in Sources */ = {isa = PBXBuildFile; fileRef = D974900D1C0D2CF4005DECCB /* main.m */; };
		D97490111C0D2CF4005DECCB /* AppDelegate.m in Sources */ = {isa = PBXBuildFile; fileRef = D97490101C0D2CF4005DECCB /* AppDelegate.m */; };
		D97490141C0D2CF4005DECCB /* GameScene.m in Sources */ = {isa = PBXBuildFile; fileRef = D97490131C0D2CF4005DECCB /* GameScene.m */; };
		D97490161C0D2CF4005DECCB /* GameScene.sks in Resources */ = {isa = PBXBuildFile; fileRef = D97490151C0D2CF4005DECCB /* GameScene.sks */; };
		D97490191C0D2CF4005DECCB /* GameViewController.m in Sources */ = {isa = PBXBuildFile; fileRef = D97490181C0D2CF4005DECCB /* GameViewController.m */; };
		D974901C1C0D2CF4005DECCB /* Main.storyboard in Resources */ = {isa = PBXBuildFile; fileRef = D974901A1C0D2CF4005DECCB /* Main.storyboard */; };
		D974901E1C0D2CF4005DECCB /* Assets.xcassets in Resources */ = {isa = PBXBuildFile; fileRef = D974901D1C0D2CF4005DECCB /* Assets.xcassets */; };
		D97490211C0D2CF4005DECCB /* LaunchScreen.storyboard in Resources */ = {isa = PBXBuildFile; fileRef = D974901F1C0D2CF4005DECCB /* LaunchScreen.storyboard */; };
		D974902C1C0D2CF4005DECCB /* SantaTests.m in Sources */ = {isa = PBXBuildFile; fileRef = D974902B1C0D2CF4005DECCB /* SantaTests.m */; };
		D97490371C0D2CF4005DECCB /* SantaUITests.m in Sources */ = {isa = PBXBuildFile; fileRef = D97490361C0D2CF4005DECCB /* SantaUITests.m */; };
		D97490461C0D2F82005DECCB /* GameObjectNode.m in Sources */ = {isa = PBXBuildFile; fileRef = D97490451C0D2F82005DECCB /* GameObjectNode.m */; };
		D97490741C0D30C7005DECCB /* Assets.atlas in Resources */ = {isa = PBXBuildFile; fileRef = D97490481C0D30C7005DECCB /* Assets.atlas */; };
		D97490761C0D30C7005DECCB /* Background01.png in Resources */ = {isa = PBXBuildFile; fileRef = D974904B1C0D30C7005DECCB /* Background01.png */; };
		D97490781C0D30C7005DECCB /* Background02.png in Resources */ = {isa = PBXBuildFile; fileRef = D974904D1C0D30C7005DECCB /* Background02.png */; };
		D974907A1C0D30C7005DECCB /* Background03.png in Resources */ = {isa = PBXBuildFile; fileRef = D974904F1C0D30C7005DECCB /* Background03.png */; };
		D974907C1C0D30C7005DECCB /* Background04.png in Resources */ = {isa = PBXBuildFile; fileRef = D97490511C0D30C7005DECCB /* Background04.png */; };
		D974907E1C0D30C7005DECCB /* Background05.png in Resources */ = {isa = PBXBuildFile; fileRef = D97490531C0D30C7005DECCB /* Background05.png */; };
		D97490801C0D30C7005DECCB /* Background06.png in Resources */ = {isa = PBXBuildFile; fileRef = D97490551C0D30C7005DECCB /* Background06.png */; };
		D97490821C0D30C7005DECCB /* Background07.png in Resources */ = {isa = PBXBuildFile; fileRef = D97490571C0D30C7005DECCB /* Background07.png */; };
		D97490841C0D30C7005DECCB /* Background08.png in Resources */ = {isa = PBXBuildFile; fileRef = D97490591C0D30C7005DECCB /* Background08.png */; };
		D97490861C0D30C7005DECCB /* Background09.png in Resources */ = {isa = PBXBuildFile; fileRef = D974905B1C0D30C7005DECCB /* Background09.png */; };
		D97490881C0D30C7005DECCB /* Background10.png in Resources */ = {isa = PBXBuildFile; fileRef = D974905D1C0D30C7005DECCB /* Background10.png */; };
		D974908A1C0D30C7005DECCB /* Background11.png in Resources */ = {isa = PBXBuildFile; fileRef = D974905F1C0D30C7005DECCB /* Background11.png */; };
		D974908C1C0D30C7005DECCB /* Background12.png in Resources */ = {isa = PBXBuildFile; fileRef = D97490611C0D30C7005DECCB /* Background12.png */; };
		D974908E1C0D30C7005DECCB /* Background13.png in Resources */ = {isa = PBXBuildFile; fileRef = D97490631C0D30C7005DECCB /* Background13.png */; };
		D97490901C0D30C7005DECCB /* Background14.png in Resources */ = {isa = PBXBuildFile; fileRef = D97490651C0D30C7005DECCB /* Background14.png */; };
		D97490921C0D30C7005DECCB /* Background15.png in Resources */ = {isa = PBXBuildFile; fileRef = D97490671C0D30C7005DECCB /* Background15.png */; };
		D97490941C0D30C7005DECCB /* Background16.png in Resources */ = {isa = PBXBuildFile; fileRef = D97490691C0D30C7005DECCB /* Background16.png */; };
		D97490961C0D30C7005DECCB /* Background17.png in Resources */ = {isa = PBXBuildFile; fileRef = D974906B1C0D30C7005DECCB /* Background17.png */; };
		D97490981C0D30C7005DECCB /* Background18.png in Resources */ = {isa = PBXBuildFile; fileRef = D974906D1C0D30C7005DECCB /* Background18.png */; };
		D974909A1C0D30C7005DECCB /* Background19.png in Resources */ = {isa = PBXBuildFile; fileRef = D974906F1C0D30C7005DECCB /* Background19.png */; };
		D974909C1C0D30C7005DECCB /* Background20.png in Resources */ = {isa = PBXBuildFile; fileRef = D97490711C0D30C7005DECCB /* Background20.png */; };
		D97490A11C0D31F3005DECCB /* StarNode.m in Sources */ = {isa = PBXBuildFile; fileRef = D97490A01C0D31F3005DECCB /* StarNode.m */; };
		D97490A41C0D321F005DECCB /* PlatformNode.m in Sources */ = {isa = PBXBuildFile; fileRef = D97490A31C0D321F005DECCB /* PlatformNode.m */; };
		D97490A71C0D324B005DECCB /* GameState.m in Sources */ = {isa = PBXBuildFile; fileRef = D97490A61C0D324B005DECCB /* GameState.m */; };
		D97490AA1C0D327F005DECCB /* EndGameScene.m in Sources */ = {isa = PBXBuildFile; fileRef = D97490A91C0D327F005DECCB /* EndGameScene.m */; };
		D97490AC1C0D3764005DECCB /* StarPing.wav in Resources */ = {isa = PBXBuildFile; fileRef = D97490AB1C0D3764005DECCB /* StarPing.wav */; };
		D97490AE1C0D3785005DECCB /* Level01.plist in Resources */ = {isa = PBXBuildFile; fileRef = D97490AD1C0D3785005DECCB /* Level01.plist */; };
/* End PBXBuildFile section */

/* Begin PBXContainerItemProxy section */
		D97490281C0D2CF4005DECCB /* PBXContainerItemProxy */ = {
			isa = PBXContainerItemProxy;
			containerPortal = D97490011C0D2CF3005DECCB /* Project object */;
			proxyType = 1;
			remoteGlobalIDString = D97490081C0D2CF3005DECCB;
			remoteInfo = Santa;
		};
		D97490331C0D2CF4005DECCB /* PBXContainerItemProxy */ = {
			isa = PBXContainerItemProxy;
			containerPortal = D97490011C0D2CF3005DECCB /* Project object */;
			proxyType = 1;
			remoteGlobalIDString = D97490081C0D2CF3005DECCB;
			remoteInfo = Santa;
		};
/* End PBXContainerItemProxy section */

/* Begin PBXFileReference section */
		D97490091C0D2CF3005DECCB /* Santa.app */ = {isa = PBXFileReference; explicitFileType = wrapper.application; includeInIndex = 0; path = Santa.app; sourceTree = BUILT_PRODUCTS_DIR; };
		D974900D1C0D2CF4005DECCB /* main.m */ = {isa = PBXFileReference; lastKnownFileType = sourcecode.c.objc; path = main.m; sourceTree = "<group>"; };
		D974900F1C0D2CF4005DECCB /* AppDelegate.h */ = {isa = PBXFileReference; lastKnownFileType = sourcecode.c.h; path = AppDelegate.h; sourceTree = "<group>"; };
		D97490101C0D2CF4005DECCB /* AppDelegate.m */ = {isa = PBXFileReference; lastKnownFileType = sourcecode.c.objc; path = AppDelegate.m; sourceTree = "<group>"; };
		D97490121C0D2CF4005DECCB /* GameScene.h */ = {isa = PBXFileReference; lastKnownFileType = sourcecode.c.h; path = GameScene.h; sourceTree = "<group>"; };
		D97490131C0D2CF4005DECCB /* GameScene.m */ = {isa = PBXFileReference; lastKnownFileType = sourcecode.c.objc; path = GameScene.m; sourceTree = "<group>"; };
		D97490151C0D2CF4005DECCB /* GameScene.sks */ = {isa = PBXFileReference; lastKnownFileType = file.sks; path = GameScene.sks; sourceTree = "<group>"; };
		D97490171C0D2CF4005DECCB /* GameViewController.h */ = {isa = PBXFileReference; lastKnownFileType = sourcecode.c.h; path = GameViewController.h; sourceTree = "<group>"; };
		D97490181C0D2CF4005DECCB /* GameViewController.m */ = {isa = PBXFileReference; lastKnownFileType = sourcecode.c.objc; path = GameViewController.m; sourceTree = "<group>"; };
		D974901B1C0D2CF4005DECCB /* Base */ = {isa = PBXFileReference; lastKnownFileType = file.storyboard; name = Base; path = Base.lproj/Main.storyboard; sourceTree = "<group>"; };
		D974901D1C0D2CF4005DECCB /* Assets.xcassets */ = {isa = PBXFileReference; lastKnownFileType = folder.assetcatalog; path = Assets.xcassets; sourceTree = "<group>"; };
		D97490201C0D2CF4005DECCB /* Base */ = {isa = PBXFileReference; lastKnownFileType = file.storyboard; name = Base; path = Base.lproj/LaunchScreen.storyboard; sourceTree = "<group>"; };
		D97490221C0D2CF4005DECCB /* Info.plist */ = {isa = PBXFileReference; lastKnownFileType = text.plist.xml; path = Info.plist; sourceTree = "<group>"; };
		D97490271C0D2CF4005DECCB /* SantaTests.xctest */ = {isa = PBXFileReference; explicitFileType = wrapper.cfbundle; includeInIndex = 0; path = SantaTests.xctest; sourceTree = BUILT_PRODUCTS_DIR; };
		D974902B1C0D2CF4005DECCB /* SantaTests.m */ = {isa = PBXFileReference; lastKnownFileType = sourcecode.c.objc; path = SantaTests.m; sourceTree = "<group>"; };
		D974902D1C0D2CF4005DECCB /* Info.plist */ = {isa = PBXFileReference; lastKnownFileType = text.plist.xml; path = Info.plist; sourceTree = "<group>"; };
		D97490321C0D2CF4005DECCB /* SantaUITests.xctest */ = {isa = PBXFileReference; explicitFileType = wrapper.cfbundle; includeInIndex = 0; path = SantaUITests.xctest; sourceTree = BUILT_PRODUCTS_DIR; };
		D97490361C0D2CF4005DECCB /* SantaUITests.m */ = {isa = PBXFileReference; lastKnownFileType = sourcecode.c.objc; path = SantaUITests.m; sourceTree = "<group>"; };
		D97490381C0D2CF4005DECCB /* Info.plist */ = {isa = PBXFileReference; lastKnownFileType = text.plist.xml; path = Info.plist; sourceTree = "<group>"; };
		D97490441C0D2F82005DECCB /* GameObjectNode.h */ = {isa = PBXFileReference; fileEncoding = 4; lastKnownFileType = sourcecode.c.h; path = GameObjectNode.h; sourceTree = "<group>"; };
		D97490451C0D2F82005DECCB /* GameObjectNode.m */ = {isa = PBXFileReference; fileEncoding = 4; lastKnownFileType = sourcecode.c.objc; path = GameObjectNode.m; sourceTree = "<group>"; };
		D97490481C0D30C7005DECCB /* Assets.atlas */ = {isa = PBXFileReference; lastKnownFileType = folder.skatlas; name = Assets.atlas; path = "UberJumpGraphics-2/Assets.atlas"; sourceTree = "<group>"; };
		D974904B1C0D30C7005DECCB /* Background01.png */ = {isa = PBXFileReference; lastKnownFileType = image.png; path = Background01.png; sourceTree = "<group>"; };
		D974904D1C0D30C7005DECCB /* Background02.png */ = {isa = PBXFileReference; lastKnownFileType = image.png; path = Background02.png; sourceTree = "<group>"; };
		D974904F1C0D30C7005DECCB /* Background03.png */ = {isa = PBXFileReference; lastKnownFileType = image.png; path = Background03.png; sourceTree = "<group>"; };
		D97490511C0D30C7005DECCB /* Background04.png */ = {isa = PBXFileReference; lastKnownFileType = image.png; path = Background04.png; sourceTree = "<group>"; };
		D97490531C0D30C7005DECCB /* Background05.png */ = {isa = PBXFileReference; lastKnownFileType = image.png; path = Background05.png; sourceTree = "<group>"; };
		D97490551C0D30C7005DECCB /* Background06.png */ = {isa = PBXFileReference; lastKnownFileType = image.png; path = Background06.png; sourceTree = "<group>"; };
		D97490571C0D30C7005DECCB /* Background07.png */ = {isa = PBXFileReference; lastKnownFileType = image.png; path = Background07.png; sourceTree = "<group>"; };
		D97490591C0D30C7005DECCB /* Background08.png */ = {isa = PBXFileReference; lastKnownFileType = image.png; path = Background08.png; sourceTree = "<group>"; };
		D974905B1C0D30C7005DECCB /* Background09.png */ = {isa = PBXFileReference; lastKnownFileType = image.png; path = Background09.png; sourceTree = "<group>"; };
		D974905D1C0D30C7005DECCB /* Background10.png */ = {isa = PBXFileReference; lastKnownFileType = image.png; path = Background10.png; sourceTree = "<group>"; };
		D974905F1C0D30C7005DECCB /* Background11.png */ = {isa = PBXFileReference; lastKnownFileType = image.png; path = Background11.png; sourceTree = "<group>"; };
		D97490611C0D30C7005DECCB /* Background12.png */ = {isa = PBXFileReference; lastKnownFileType = image.png; path = Background12.png; sourceTree = "<group>"; };
		D97490631C0D30C7005DECCB /* Background13.png */ = {isa = PBXFileReference; lastKnownFileType = image.png; path = Background13.png; sourceTree = "<group>"; };
		D97490651C0D30C7005DECCB /* Background14.png */ = {isa = PBXFileReference; lastKnownFileType = image.png; path = Background14.png; sourceTree = "<group>"; };
		D97490671C0D30C7005DECCB /* Background15.png */ = {isa = PBXFileReference; lastKnownFileType = image.png; path = Background15.png; sourceTree = "<group>"; };
		D97490691C0D30C7005DECCB /* Background16.png */ = {isa = PBXFileReference; lastKnownFileType = image.png; path = Background16.png; sourceTree = "<group>"; };
		D974906B1C0D30C7005DECCB /* Background17.png */ = {isa = PBXFileReference; lastKnownFileType = image.png; path = Background17.png; sourceTree = "<group>"; };
		D974906D1C0D30C7005DECCB /* Background18.png */ = {isa = PBXFileReference; lastKnownFileType = image.png; path = Background18.png; sourceTree = "<group>"; };
		D974906F1C0D30C7005DECCB /* Background19.png */ = {isa = PBXFileReference; lastKnownFileType = image.png; path = Background19.png; sourceTree = "<group>"; };
		D97490711C0D30C7005DECCB /* Background20.png */ = {isa = PBXFileReference; lastKnownFileType = image.png; path = Background20.png; sourceTree = "<group>"; };
		D974909F1C0D31F3005DECCB /* StarNode.h */ = {isa = PBXFileReference; fileEncoding = 4; lastKnownFileType = sourcecode.c.h; path = StarNode.h; sourceTree = "<group>"; };
		D97490A01C0D31F3005DECCB /* StarNode.m */ = {isa = PBXFileReference; fileEncoding = 4; lastKnownFileType = sourcecode.c.objc; path = StarNode.m; sourceTree = "<group>"; };
		D97490A21C0D321F005DECCB /* PlatformNode.h */ = {isa = PBXFileReference; fileEncoding = 4; lastKnownFileType = sourcecode.c.h; path = PlatformNode.h; sourceTree = "<group>"; };
		D97490A31C0D321F005DECCB /* PlatformNode.m */ = {isa = PBXFileReference; fileEncoding = 4; lastKnownFileType = sourcecode.c.objc; path = PlatformNode.m; sourceTree = "<group>"; };
		D97490A51C0D324B005DECCB /* GameState.h */ = {isa = PBXFileReference; fileEncoding = 4; lastKnownFileType = sourcecode.c.h; path = GameState.h; sourceTree = "<group>"; };
		D97490A61C0D324B005DECCB /* GameState.m */ = {isa = PBXFileReference; fileEncoding = 4; lastKnownFileType = sourcecode.c.objc; path = GameState.m; sourceTree = "<group>"; };
		D97490A81C0D327F005DECCB /* EndGameScene.h */ = {isa = PBXFileReference; fileEncoding = 4; lastKnownFileType = sourcecode.c.h; path = EndGameScene.h; sourceTree = "<group>"; };
		D97490A91C0D327F005DECCB /* EndGameScene.m */ = {isa = PBXFileReference; fileEncoding = 4; lastKnownFileType = sourcecode.c.objc; path = EndGameScene.m; sourceTree = "<group>"; };
		D97490AB1C0D3764005DECCB /* StarPing.wav */ = {isa = PBXFileReference; lastKnownFileType = audio.wav; path = StarPing.wav; sourceTree = "<group>"; };
		D97490AD1C0D3785005DECCB /* Level01.plist */ = {isa = PBXFileReference; fileEncoding = 4; lastKnownFileType = text.plist.xml; path = Level01.plist; sourceTree = "<group>"; };
/* End PBXFileReference section */

/* Begin PBXFrameworksBuildPhase section */
		D97490061C0D2CF3005DECCB /* Frameworks */ = {
			isa = PBXFrameworksBuildPhase;
			buildActionMask = 2147483647;
			files = (
			);
			runOnlyForDeploymentPostprocessing = 0;
		};
		D97490241C0D2CF4005DECCB /* Frameworks */ = {
			isa = PBXFrameworksBuildPhase;
			buildActionMask = 2147483647;
			files = (
			);
			runOnlyForDeploymentPostprocessing = 0;
		};
		D974902F1C0D2CF4005DECCB /* Frameworks */ = {
			isa = PBXFrameworksBuildPhase;
			buildActionMask = 2147483647;
			files = (
			);
			runOnlyForDeploymentPostprocessing = 0;
		};
/* End PBXFrameworksBuildPhase section */

/* Begin PBXGroup section */
		D97490001C0D2CF3005DECCB = {
			isa = PBXGroup;
			children = (
				D974900B1C0D2CF4005DECCB /* Santa */,
				D974902A1C0D2CF4005DECCB /* SantaTests */,
				D97490351C0D2CF4005DECCB /* SantaUITests */,
				D974900A1C0D2CF3005DECCB /* Products */,
			);
			sourceTree = "<group>";
		};
		D974900A1C0D2CF3005DECCB /* Products */ = {
			isa = PBXGroup;
			children = (
				D97490091C0D2CF3005DECCB /* Santa.app */,
				D97490271C0D2CF4005DECCB /* SantaTests.xctest */,
				D97490321C0D2CF4005DECCB /* SantaUITests.xctest */,
			);
			name = Products;
			sourceTree = "<group>";
		};
		D974900B1C0D2CF4005DECCB /* Santa */ = {
			isa = PBXGroup;
			children = (
				D974900F1C0D2CF4005DECCB /* AppDelegate.h */,
				D97490101C0D2CF4005DECCB /* AppDelegate.m */,
				D97490121C0D2CF4005DECCB /* GameScene.h */,
				D97490131C0D2CF4005DECCB /* GameScene.m */,
				D97490151C0D2CF4005DECCB /* GameScene.sks */,
				D97490171C0D2CF4005DECCB /* GameViewController.h */,
				D97490181C0D2CF4005DECCB /* GameViewController.m */,
				D97490441C0D2F82005DECCB /* GameObjectNode.h */,
				D97490451C0D2F82005DECCB /* GameObjectNode.m */,
				D974909F1C0D31F3005DECCB /* StarNode.h */,
				D97490A01C0D31F3005DECCB /* StarNode.m */,
				D97490A21C0D321F005DECCB /* PlatformNode.h */,
				D97490A31C0D321F005DECCB /* PlatformNode.m */,
				D97490A51C0D324B005DECCB /* GameState.h */,
				D97490A61C0D324B005DECCB /* GameState.m */,
				D97490A81C0D327F005DECCB /* EndGameScene.h */,
				D97490A91C0D327F005DECCB /* EndGameScene.m */,
				D97490AB1C0D3764005DECCB /* StarPing.wav */,
				D97490AD1C0D3785005DECCB /* Level01.plist */,
				D974901A1C0D2CF4005DECCB /* Main.storyboard */,
				D974901D1C0D2CF4005DECCB /* Assets.xcassets */,
				D97490481C0D30C7005DECCB /* Assets.atlas */,
				D97490491C0D30C7005DECCB /* Backgrounds */,
				D974901F1C0D2CF4005DECCB /* LaunchScreen.storyboard */,
				D97490221C0D2CF4005DECCB /* Info.plist */,
				D974900C1C0D2CF4005DECCB /* Supporting Files */,
			);
			path = Santa;
			sourceTree = "<group>";
		};
		D974900C1C0D2CF4005DECCB /* Supporting Files */ = {
			isa = PBXGroup;
			children = (
				D974900D1C0D2CF4005DECCB /* main.m */,
			);
			name = "Supporting Files";
			sourceTree = "<group>";
		};
		D974902A1C0D2CF4005DECCB /* SantaTests */ = {
			isa = PBXGroup;
			children = (
				D974902B1C0D2CF4005DECCB /* SantaTests.m */,
				D974902D1C0D2CF4005DECCB /* Info.plist */,
			);
			path = SantaTests;
			sourceTree = "<group>";
		};
		D97490351C0D2CF4005DECCB /* SantaUITests */ = {
			isa = PBXGroup;
			children = (
				D97490361C0D2CF4005DECCB /* SantaUITests.m */,
				D97490381C0D2CF4005DECCB /* Info.plist */,
			);
			path = SantaUITests;
			sourceTree = "<group>";
		};
		D97490491C0D30C7005DECCB /* Backgrounds */ = {
			isa = PBXGroup;
			children = (
				D974904B1C0D30C7005DECCB /* Background01.png */,
				D974904D1C0D30C7005DECCB /* Background02.png */,
				D974904F1C0D30C7005DECCB /* Background03.png */,
				D97490511C0D30C7005DECCB /* Background04.png */,
				D97490531C0D30C7005DECCB /* Background05.png */,
				D97490551C0D30C7005DECCB /* Background06.png */,
				D97490571C0D30C7005DECCB /* Background07.png */,
				D97490591C0D30C7005DECCB /* Background08.png */,
				D974905B1C0D30C7005DECCB /* Background09.png */,
				D974905D1C0D30C7005DECCB /* Background10.png */,
				D974905F1C0D30C7005DECCB /* Background11.png */,
				D97490611C0D30C7005DECCB /* Background12.png */,
				D97490631C0D30C7005DECCB /* Background13.png */,
				D97490651C0D30C7005DECCB /* Background14.png */,
				D97490671C0D30C7005DECCB /* Background15.png */,
				D97490691C0D30C7005DECCB /* Background16.png */,
				D974906B1C0D30C7005DECCB /* Background17.png */,
				D974906D1C0D30C7005DECCB /* Background18.png */,
				D974906F1C0D30C7005DECCB /* Background19.png */,
				D97490711C0D30C7005DECCB /* Background20.png */,
			);
			name = Backgrounds;
			path = "UberJumpGraphics-2/Backgrounds";
			sourceTree = "<group>";
		};
/* End PBXGroup section */

/* Begin PBXNativeTarget section */
		D97490081C0D2CF3005DECCB /* Santa */ = {
			isa = PBXNativeTarget;
			buildConfigurationList = D974903B1C0D2CF4005DECCB /* Build configuration list for PBXNativeTarget "Santa" */;
			buildPhases = (
				D97490051C0D2CF3005DECCB /* Sources */,
				D97490061C0D2CF3005DECCB /* Frameworks */,
				D97490071C0D2CF3005DECCB /* Resources */,
			);
			buildRules = (
			);
			dependencies = (
			);
			name = Santa;
			productName = Santa;
			productReference = D97490091C0D2CF3005DECCB /* Santa.app */;
			productType = "com.apple.product-type.application";
		};
		D97490261C0D2CF4005DECCB /* SantaTests */ = {
			isa = PBXNativeTarget;
			buildConfigurationList = D974903E1C0D2CF4005DECCB /* Build configuration list for PBXNativeTarget "SantaTests" */;
			buildPhases = (
				D97490231C0D2CF4005DECCB /* Sources */,
				D97490241C0D2CF4005DECCB /* Frameworks */,
				D97490251C0D2CF4005DECCB /* Resources */,
			);
			buildRules = (
			);
			dependencies = (
				D97490291C0D2CF4005DECCB /* PBXTargetDependency */,
			);
			name = SantaTests;
			productName = SantaTests;
			productReference = D97490271C0D2CF4005DECCB /* SantaTests.xctest */;
			productType = "com.apple.product-type.bundle.unit-test";
		};
		D97490311C0D2CF4005DECCB /* SantaUITests */ = {
			isa = PBXNativeTarget;
			buildConfigurationList = D97490411C0D2CF4005DECCB /* Build configuration list for PBXNativeTarget "SantaUITests" */;
			buildPhases = (
				D974902E1C0D2CF4005DECCB /* Sources */,
				D974902F1C0D2CF4005DECCB /* Frameworks */,
				D97490301C0D2CF4005DECCB /* Resources */,
			);
			buildRules = (
			);
			dependencies = (
				D97490341C0D2CF4005DECCB /* PBXTargetDependency */,
			);
			name = SantaUITests;
			productName = SantaUITests;
			productReference = D97490321C0D2CF4005DECCB /* SantaUITests.xctest */;
			productType = "com.apple.product-type.bundle.ui-testing";
		};
/* End PBXNativeTarget section */

/* Begin PBXProject section */
		D97490011C0D2CF3005DECCB /* Project object */ = {
			isa = PBXProject;
			attributes = {
				LastUpgradeCheck = 0710;
				ORGANIZATIONNAME = "Xiulan Shi";
				TargetAttributes = {
					D97490081C0D2CF3005DECCB = {
						CreatedOnToolsVersion = 7.1.1;
						DevelopmentTeam = 26RHXP32FH;
					};
					D97490261C0D2CF4005DECCB = {
						CreatedOnToolsVersion = 7.1.1;
						TestTargetID = D97490081C0D2CF3005DECCB;
					};
					D97490311C0D2CF4005DECCB = {
						CreatedOnToolsVersion = 7.1.1;
						TestTargetID = D97490081C0D2CF3005DECCB;
					};
				};
			};
			buildConfigurationList = D97490041C0D2CF3005DECCB /* Build configuration list for PBXProject "Santa" */;
			compatibilityVersion = "Xcode 3.2";
			developmentRegion = English;
			hasScannedForEncodings = 0;
			knownRegions = (
				en,
				Base,
			);
			mainGroup = D97490001C0D2CF3005DECCB;
			productRefGroup = D974900A1C0D2CF3005DECCB /* Products */;
			projectDirPath = "";
			projectRoot = "";
			targets = (
				D97490081C0D2CF3005DECCB /* Santa */,
				D97490261C0D2CF4005DECCB /* SantaTests */,
				D97490311C0D2CF4005DECCB /* SantaUITests */,
			);
		};
/* End PBXProject section */

/* Begin PBXResourcesBuildPhase section */
		D97490071C0D2CF3005DECCB /* Resources */ = {
			isa = PBXResourcesBuildPhase;
			buildActionMask = 2147483647;
			files = (
				D97490AC1C0D3764005DECCB /* StarPing.wav in Resources */,
				D974908A1C0D30C7005DECCB /* Background11.png in Resources */,
				D97490841C0D30C7005DECCB /* Background08.png in Resources */,
				D97490781C0D30C7005DECCB /* Background02.png in Resources */,
				D974909A1C0D30C7005DECCB /* Background19.png in Resources */,
				D97490761C0D30C7005DECCB /* Background01.png in Resources */,
				D974908C1C0D30C7005DECCB /* Background12.png in Resources */,
				D974908E1C0D30C7005DECCB /* Background13.png in Resources */,
				D974907E1C0D30C7005DECCB /* Background05.png in Resources */,
				D97490961C0D30C7005DECCB /* Background17.png in Resources */,
				D97490161C0D2CF4005DECCB /* GameScene.sks in Resources */,
				D97490211C0D2CF4005DECCB /* LaunchScreen.storyboard in Resources */,
				D974909C1C0D30C7005DECCB /* Background20.png in Resources */,
				D97490741C0D30C7005DECCB /* Assets.atlas in Resources */,
				D97490801C0D30C7005DECCB /* Background06.png in Resources */,
				D97490AE1C0D3785005DECCB /* Level01.plist in Resources */,
				D97490921C0D30C7005DECCB /* Background15.png in Resources */,
				D97490981C0D30C7005DECCB /* Background18.png in Resources */,
				D97490881C0D30C7005DECCB /* Background10.png in Resources */,
				D97490901C0D30C7005DECCB /* Background14.png in Resources */,
				D974907C1C0D30C7005DECCB /* Background04.png in Resources */,
				D974907A1C0D30C7005DECCB /* Background03.png in Resources */,
				D97490821C0D30C7005DECCB /* Background07.png in Resources */,
				D974901E1C0D2CF4005DECCB /* Assets.xcassets in Resources */,
				D97490941C0D30C7005DECCB /* Background16.png in Resources */,
				D97490861C0D30C7005DECCB /* Background09.png in Resources */,
				D974901C1C0D2CF4005DECCB /* Main.storyboard in Resources */,
			);
			runOnlyForDeploymentPostprocessing = 0;
		};
		D97490251C0D2CF4005DECCB /* Resources */ = {
			isa = PBXResourcesBuildPhase;
			buildActionMask = 2147483647;
			files = (
			);
			runOnlyForDeploymentPostprocessing = 0;
		};
		D97490301C0D2CF4005DECCB /* Resources */ = {
			isa = PBXResourcesBuildPhase;
			buildActionMask = 2147483647;
			files = (
			);
			runOnlyForDeploymentPostprocessing = 0;
		};
/* End PBXResourcesBuildPhase section */

/* Begin PBXSourcesBuildPhase section */
		D97490051C0D2CF3005DECCB /* Sources */ = {
			isa = PBXSourcesBuildPhase;
			buildActionMask = 2147483647;
			files = (
				D97490A41C0D321F005DECCB /* PlatformNode.m in Sources */,
				D97490AA1C0D327F005DECCB /* EndGameScene.m in Sources */,
				D97490A71C0D324B005DECCB /* GameState.m in Sources */,
				D97490461C0D2F82005DECCB /* GameObjectNode.m in Sources */,
				D97490191C0D2CF4005DECCB /* GameViewController.m in Sources */,
				D97490111C0D2CF4005DECCB /* AppDelegate.m in Sources */,
				D97490141C0D2CF4005DECCB /* GameScene.m in Sources */,
				D974900E1C0D2CF4005DECCB /* main.m in Sources */,
				D97490A11C0D31F3005DECCB /* StarNode.m in Sources */,
			);
			runOnlyForDeploymentPostprocessing = 0;
		};
		D97490231C0D2CF4005DECCB /* Sources */ = {
			isa = PBXSourcesBuildPhase;
			buildActionMask = 2147483647;
			files = (
				D974902C1C0D2CF4005DECCB /* SantaTests.m in Sources */,
			);
			runOnlyForDeploymentPostprocessing = 0;
		};
		D974902E1C0D2CF4005DECCB /* Sources */ = {
			isa = PBXSourcesBuildPhase;
			buildActionMask = 2147483647;
			files = (
				D97490371C0D2CF4005DECCB /* SantaUITests.m in Sources */,
			);
			runOnlyForDeploymentPostprocessing = 0;
		};
/* End PBXSourcesBuildPhase section */

/* Begin PBXTargetDependency section */
		D97490291C0D2CF4005DECCB /* PBXTargetDependency */ = {
			isa = PBXTargetDependency;
			target = D97490081C0D2CF3005DECCB /* Santa */;
			targetProxy = D97490281C0D2CF4005DECCB /* PBXContainerItemProxy */;
		};
		D97490341C0D2CF4005DECCB /* PBXTargetDependency */ = {
			isa = PBXTargetDependency;
			target = D97490081C0D2CF3005DECCB /* Santa */;
			targetProxy = D97490331C0D2CF4005DECCB /* PBXContainerItemProxy */;
		};
/* End PBXTargetDependency section */

/* Begin PBXVariantGroup section */
		D974901A1C0D2CF4005DECCB /* Main.storyboard */ = {
			isa = PBXVariantGroup;
			children = (
				D974901B1C0D2CF4005DECCB /* Base */,
			);
			name = Main.storyboard;
			sourceTree = "<group>";
		};
		D974901F1C0D2CF4005DECCB /* LaunchScreen.storyboard */ = {
			isa = PBXVariantGroup;
			children = (
				D97490201C0D2CF4005DECCB /* Base */,
			);
			name = LaunchScreen.storyboard;
			sourceTree = "<group>";
		};
/* End PBXVariantGroup section */

/* Begin XCBuildConfiguration section */
		D97490391C0D2CF4005DECCB /* Debug */ = {
			isa = XCBuildConfiguration;
			buildSettings = {
				ALWAYS_SEARCH_USER_PATHS = NO;
				CLANG_CXX_LANGUAGE_STANDARD = "gnu++0x";
				CLANG_CXX_LIBRARY = "libc++";
				CLANG_ENABLE_MODULES = YES;
				CLANG_ENABLE_OBJC_ARC = YES;
				CLANG_WARN_BOOL_CONVERSION = YES;
				CLANG_WARN_CONSTANT_CONVERSION = YES;
				CLANG_WARN_DIRECT_OBJC_ISA_USAGE = YES_ERROR;
				CLANG_WARN_EMPTY_BODY = YES;
				CLANG_WARN_ENUM_CONVERSION = YES;
				CLANG_WARN_INT_CONVERSION = YES;
				CLANG_WARN_OBJC_ROOT_CLASS = YES_ERROR;
				CLANG_WARN_UNREACHABLE_CODE = YES;
				CLANG_WARN__DUPLICATE_METHOD_MATCH = YES;
				"CODE_SIGN_IDENTITY[sdk=iphoneos*]" = "iPhone Developer";
				COPY_PHASE_STRIP = NO;
				DEBUG_INFORMATION_FORMAT = "dwarf-with-dsym";
				ENABLE_STRICT_OBJC_MSGSEND = YES;
				ENABLE_TESTABILITY = YES;
				GCC_C_LANGUAGE_STANDARD = gnu99;
				GCC_DYNAMIC_NO_PIC = NO;
				GCC_NO_COMMON_BLOCKS = YES;
				GCC_OPTIMIZATION_LEVEL = 0;
				GCC_PREPROCESSOR_DEFINITIONS = (
					"DEBUG=1",
					"$(inherited)",
				);
				GCC_WARN_64_TO_32_BIT_CONVERSION = YES;
				GCC_WARN_ABOUT_RETURN_TYPE = YES_ERROR;
				GCC_WARN_UNDECLARED_SELECTOR = YES;
				GCC_WARN_UNINITIALIZED_AUTOS = YES_AGGRESSIVE;
				GCC_WARN_UNUSED_FUNCTION = YES;
				GCC_WARN_UNUSED_VARIABLE = YES;
				IPHONEOS_DEPLOYMENT_TARGET = 9.1;
				MTL_ENABLE_DEBUG_INFO = YES;
				ONLY_ACTIVE_ARCH = YES;
				SDKROOT = iphoneos;
			};
			name = Debug;
		};
		D974903A1C0D2CF4005DECCB /* Release */ = {
			isa = XCBuildConfiguration;
			buildSettings = {
				ALWAYS_SEARCH_USER_PATHS = NO;
				CLANG_CXX_LANGUAGE_STANDARD = "gnu++0x";
				CLANG_CXX_LIBRARY = "libc++";
				CLANG_ENABLE_MODULES = YES;
				CLANG_ENABLE_OBJC_ARC = YES;
				CLANG_WARN_BOOL_CONVERSION = YES;
				CLANG_WARN_CONSTANT_CONVERSION = YES;
				CLANG_WARN_DIRECT_OBJC_ISA_USAGE = YES_ERROR;
				CLANG_WARN_EMPTY_BODY = YES;
				CLANG_WARN_ENUM_CONVERSION = YES;
				CLANG_WARN_INT_CONVERSION = YES;
				CLANG_WARN_OBJC_ROOT_CLASS = YES_ERROR;
				CLANG_WARN_UNREACHABLE_CODE = YES;
				CLANG_WARN__DUPLICATE_METHOD_MATCH = YES;
				"CODE_SIGN_IDENTITY[sdk=iphoneos*]" = "iPhone Developer";
				COPY_PHASE_STRIP = NO;
				DEBUG_INFORMATION_FORMAT = "dwarf-with-dsym";
				ENABLE_NS_ASSERTIONS = NO;
				ENABLE_STRICT_OBJC_MSGSEND = YES;
				GCC_C_LANGUAGE_STANDARD = gnu99;
				GCC_NO_COMMON_BLOCKS = YES;
				GCC_WARN_64_TO_32_BIT_CONVERSION = YES;
				GCC_WARN_ABOUT_RETURN_TYPE = YES_ERROR;
				GCC_WARN_UNDECLARED_SELECTOR = YES;
				GCC_WARN_UNINITIALIZED_AUTOS = YES_AGGRESSIVE;
				GCC_WARN_UNUSED_FUNCTION = YES;
				GCC_WARN_UNUSED_VARIABLE = YES;
				IPHONEOS_DEPLOYMENT_TARGET = 9.1;
				MTL_ENABLE_DEBUG_INFO = NO;
				SDKROOT = iphoneos;
				VALIDATE_PRODUCT = YES;
			};
			name = Release;
		};
		D974903C1C0D2CF4005DECCB /* Debug */ = {
			isa = XCBuildConfiguration;
			buildSettings = {
				ASSETCATALOG_COMPILER_APPICON_NAME = AppIcon;
				CODE_SIGN_IDENTITY = "iPhone Developer";
				INFOPLIST_FILE = Santa/Info.plist;
				LD_RUNPATH_SEARCH_PATHS = "$(inherited) @executable_path/Frameworks";
				PRODUCT_BUNDLE_IDENTIFIER = nyc.c4q.xiulanshi.Santa;
				PRODUCT_NAME = "$(TARGET_NAME)";
			};
			name = Debug;
		};
		D974903D1C0D2CF4005DECCB /* Release */ = {
			isa = XCBuildConfiguration;
			buildSettings = {
				ASSETCATALOG_COMPILER_APPICON_NAME = AppIcon;
				CODE_SIGN_IDENTITY = "iPhone Developer";
				INFOPLIST_FILE = Santa/Info.plist;
				LD_RUNPATH_SEARCH_PATHS = "$(inherited) @executable_path/Frameworks";
				PRODUCT_BUNDLE_IDENTIFIER = nyc.c4q.xiulanshi.Santa;
				PRODUCT_NAME = "$(TARGET_NAME)";
			};
			name = Release;
		};
		D974903F1C0D2CF4005DECCB /* Debug */ = {
			isa = XCBuildConfiguration;
			buildSettings = {
				BUNDLE_LOADER = "$(TEST_HOST)";
				DEBUG_INFORMATION_FORMAT = dwarf;
				INFOPLIST_FILE = SantaTests/Info.plist;
				LD_RUNPATH_SEARCH_PATHS = "$(inherited) @executable_path/Frameworks @loader_path/Frameworks";
				PRODUCT_BUNDLE_IDENTIFIER = nyc.c4q.xiulanshi.SantaTests;
				PRODUCT_NAME = "$(TARGET_NAME)";
				TEST_HOST = "$(BUILT_PRODUCTS_DIR)/Santa.app/Santa";
			};
			name = Debug;
		};
		D97490401C0D2CF4005DECCB /* Release */ = {
			isa = XCBuildConfiguration;
			buildSettings = {
				BUNDLE_LOADER = "$(TEST_HOST)";
				INFOPLIST_FILE = SantaTests/Info.plist;
				LD_RUNPATH_SEARCH_PATHS = "$(inherited) @executable_path/Frameworks @loader_path/Frameworks";
				PRODUCT_BUNDLE_IDENTIFIER = nyc.c4q.xiulanshi.SantaTests;
				PRODUCT_NAME = "$(TARGET_NAME)";
				TEST_HOST = "$(BUILT_PRODUCTS_DIR)/Santa.app/Santa";
			};
			name = Release;
		};
		D97490421C0D2CF4005DECCB /* Debug */ = {
			isa = XCBuildConfiguration;
			buildSettings = {
				DEBUG_INFORMATION_FORMAT = dwarf;
				INFOPLIST_FILE = SantaUITests/Info.plist;
				LD_RUNPATH_SEARCH_PATHS = "$(inherited) @executable_path/Frameworks @loader_path/Frameworks";
				PRODUCT_BUNDLE_IDENTIFIER = nyc.c4q.xiulanshi.SantaUITests;
				PRODUCT_NAME = "$(TARGET_NAME)";
				TEST_TARGET_NAME = Santa;
				USES_XCTRUNNER = YES;
			};
			name = Debug;
		};
		D97490431C0D2CF4005DECCB /* Release */ = {
			isa = XCBuildConfiguration;
			buildSettings = {
				INFOPLIST_FILE = SantaUITests/Info.plist;
				LD_RUNPATH_SEARCH_PATHS = "$(inherited) @executable_path/Frameworks @loader_path/Frameworks";
				PRODUCT_BUNDLE_IDENTIFIER = nyc.c4q.xiulanshi.SantaUITests;
				PRODUCT_NAME = "$(TARGET_NAME)";
				TEST_TARGET_NAME = Santa;
				USES_XCTRUNNER = YES;
			};
			name = Release;
		};
/* End XCBuildConfiguration section */

/* Begin XCConfigurationList section */
		D97490041C0D2CF3005DECCB /* Build configuration list for PBXProject "Santa" */ = {
			isa = XCConfigurationList;
			buildConfigurations = (
				D97490391C0D2CF4005DECCB /* Debug */,
				D974903A1C0D2CF4005DECCB /* Release */,
			);
			defaultConfigurationIsVisible = 0;
			defaultConfigurationName = Release;
		};
		D974903B1C0D2CF4005DECCB /* Build configuration list for PBXNativeTarget "Santa" */ = {
			isa = XCConfigurationList;
			buildConfigurations = (
				D974903C1C0D2CF4005DECCB /* Debug */,
				D974903D1C0D2CF4005DECCB /* Release */,
			);
			defaultConfigurationIsVisible = 0;
			defaultConfigurationName = Release;
		};
		D974903E1C0D2CF4005DECCB /* Build configuration list for PBXNativeTarget "SantaTests" */ = {
			isa = XCConfigurationList;
			buildConfigurations = (
				D974903F1C0D2CF4005DECCB /* Debug */,
				D97490401C0D2CF4005DECCB /* Release */,
			);
			defaultConfigurationIsVisible = 0;
			defaultConfigurationName = Release;
		};
		D97490411C0D2CF4005DECCB /* Build configuration list for PBXNativeTarget "SantaUITests" */ = {
			isa = XCConfigurationList;
			buildConfigurations = (
				D97490421C0D2CF4005DECCB /* Debug */,
				D97490431C0D2CF4005DECCB /* Release */,
			);
			defaultConfigurationIsVisible = 0;
			defaultConfigurationName = Release;
		};
/* End XCConfigurationList section */
	};
	rootObject = D97490011C0D2CF3005DECCB /* Project object */;
}
